
Microsoft Visual Studio Solution File, Format Version 12.00
# Visual Studio 2012
Project("{F14B399A-7131-4C87-9E4B-1186C45EF12D}") = "DQEReports", "DQEReports\DQEReports.rptproj", "{FA5FF6C1-3DBA-4A21-BC8F-9BC5CAA29443}"
EndProject
Global
	GlobalSection(TeamFoundationVersionControl) = preSolution
		SccNumberOfProjects = 2
		SccEnterpriseProvider = {4CA58AB2-18FA-4F8D-95D4-32DDF27D184C}
		SccTeamFoundationServer = http://3dcpri-dtfs01:8080/tfs/mi_collection
		SccProjectUniqueName0 = DQEReports\\DQEReports.rptproj
		SccProjectName0 = DQEReports
		SccLocalPath0 = DQEReports
		SccLocalPath1 = .
	EndGlobalSection
	GlobalSection(SolutionConfigurationPlatforms) = preSolution
		Debug|Default = Debug|Default
		DebugLocal|Default = DebugLocal|Default
		Release|Default = Release|Default
	EndGlobalSection
	GlobalSection(ProjectConfigurationPlatforms) = postSolution
		{FA5FF6C1-3DBA-4A21-BC8F-9BC5CAA29443}.Debug|Default.ActiveCfg = Debug
		{FA5FF6C1-3DBA-4A21-BC8F-9BC5CAA29443}.Debug|Default.Build.0 = Debug
		{FA5FF6C1-3DBA-4A21-BC8F-9BC5CAA29443}.Debug|Default.Deploy.0 = Debug
		{FA5FF6C1-3DBA-4A21-BC8F-9BC5CAA29443}.DebugLocal|Default.ActiveCfg = DebugLocal
		{FA5FF6C1-3DBA-4A21-BC8F-9BC5CAA29443}.DebugLocal|Default.Build.0 = DebugLocal
		{FA5FF6C1-3DBA-4A21-BC8F-9BC5CAA29443}.Release|Default.ActiveCfg = Release
		{FA5FF6C1-3DBA-4A21-BC8F-9BC5CAA29443}.Release|Default.Build.0 = Release
		{FA5FF6C1-3DBA-4A21-BC8F-9BC5CAA29443}.Release|Default.Deploy.0 = Release
	EndGlobalSection
	GlobalSection(SolutionProperties) = preSolution
		HideSolutionNode = FALSE
	EndGlobalSection
EndGlobal
